{
  "name": "project-example",
  "version": "1.0.0",
  "lockfileVersion": 2,
  "requires": true,
  "packages": {
    "": {
      "name": "project-example",
      "version": "1.0.0",
      "license": "ISC",
      "dependencies": {
        "ts-route-schemas": "./../"
      }
    },
    "..": {
      "version": "1.0.0",
      "license": "ISC",
      "dependencies": {
        "body-parser": "^1.20.2",
        "class-transformer": "^0.5.1",
        "class-validator": "^0.14.1",
        "express": "^4.19.2",
        "nodemon": "^3.1.0",
        "reflect-metadata": "^0.2.2",
        "ts-node": "^10.9.2",
        "typescript": "^5.4.5"
      }
    },
    "../index.ts": {
      "extraneous": true
    },
    "node_modules/ts-route-schemas": {
      "resolved": "..",
      "link": true
    }
  },
  "dependencies": {
    "ts-route-schemas": {
      "version": "file:..",
      "requires": {
        "body-parser": "^1.20.2",
        "class-transformer": "^0.5.1",
        "class-validator": "^0.14.1",
        "express": "^4.19.2",
        "nodemon": "^3.1.0",
        "reflect-metadata": "^0.2.2",
        "ts-node": "^10.9.2",
        "typescript": "^5.4.5"
      }
    }
  }
}
